
Microsoft Visual Studio Solution File, Format Version 12.00
# Visual Studio Version 17
VisualStudioVersion = 17.11.35312.102
MinimumVisualStudioVersion = 10.0.40219.1
Project("{FAE04EC0-301F-11D3-BF4B-00C04F79EFBC}") = "PB-503-Recap(OOP)", "PB-503-Recap(OOP).csproj", "{595D2A2D-28C8-4757-AAC7-1977396581D8}"
EndProject
Global
	GlobalSection(SolutionConfigurationPlatforms) = preSolution
		Debug|Any CPU = Debug|Any CPU
		Release|Any CPU = Release|Any CPU
	EndGlobalSection
	GlobalSection(ProjectConfigurationPlatforms) = postSolution
		{595D2A2D-28C8-4757-AAC7-1977396581D8}.Debug|Any CPU.ActiveCfg = Debug|Any CPU
		{595D2A2D-28C8-4757-AAC7-1977396581D8}.Debug|Any CPU.Build.0 = Debug|Any CPU
		{595D2A2D-28C8-4757-AAC7-1977396581D8}.Release|Any CPU.ActiveCfg = Release|Any CPU
		{595D2A2D-28C8-4757-AAC7-1977396581D8}.Release|Any CPU.Build.0 = Release|Any CPU
	EndGlobalSection
	GlobalSection(SolutionProperties) = preSolution
		HideSolutionNode = FALSE
	EndGlobalSection
	GlobalSection(ExtensibilityGlobals) = postSolution
		SolutionGuid = {48D2600B-22F2-4328-8F7C-10FCF27E9887}
	EndGlobalSection
EndGlobal
